
Microsoft Visual Studio Solution File, Format Version 12.00
# Visual Studio Version 17
VisualStudioVersion = 17.5.33627.172
MinimumVisualStudioVersion = 10.0.40219.1
Project("{FAE04EC0-301F-11D3-BF4B-00C04F79EFBC}") = "Poverka", "Poverka\Poverka.csproj", "{4F1DB866-5FA0-4CAA-9213-B8B56B928B4B}"
EndProject
Global
	GlobalSection(SolutionConfigurationPlatforms) = preSolution
		Debug|Any CPU = Debug|Any CPU
		Release|Any CPU = Release|Any CPU
	EndGlobalSection
	GlobalSection(ProjectConfigurationPlatforms) = postSolution
		{4F1DB866-5FA0-4CAA-9213-B8B56B928B4B}.Debug|Any CPU.ActiveCfg = Debug|Any CPU
		{4F1DB866-5FA0-4CAA-9213-B8B56B928B4B}.Debug|Any CPU.Build.0 = Debug|Any CPU
		{4F1DB866-5FA0-4CAA-9213-B8B56B928B4B}.Release|Any CPU.ActiveCfg = Release|Any CPU
		{4F1DB866-5FA0-4CAA-9213-B8B56B928B4B}.Release|Any CPU.Build.0 = Release|Any CPU
	EndGlobalSection
	GlobalSection(SolutionProperties) = preSolution
		HideSolutionNode = FALSE
	EndGlobalSection
	GlobalSection(ExtensibilityGlobals) = postSolution
		SolutionGuid = {56734E84-0C2F-4004-B8A7-3BAF9808F63E}
	EndGlobalSection
EndGlobal
